
Microsoft Visual Studio Solution File, Format Version 12.00
# Visual Studio Version 17
VisualStudioVersion = 17.8.34316.72
MinimumVisualStudioVersion = 10.0.40219.1
Project("{2150E333-8FDC-42A3-9474-1A3956D46DE8}") = "Certificate", "Certificate", "{0C2660F2-71F6-4DE7-8E12-7BE8522081FF}"
EndProject
Project("{2150E333-8FDC-42A3-9474-1A3956D46DE8}") = "Configuration", "Configuration", "{5D6DA224-1C0A-463C-9A48-26E9E61E2D9A}"
EndProject
Project("{2150E333-8FDC-42A3-9474-1A3956D46DE8}") = "Encryption", "Encryption", "{6B4EADF9-AF30-4CB5-BB92-4EA83725C726}"
EndProject
Project("{2150E333-8FDC-42A3-9474-1A3956D46DE8}") = "Metadata", "Metadata", "{5E3774EA-EE4F-46E4-9A6D-EE12331A7D5D}"
EndProject
Project("{2150E333-8FDC-42A3-9474-1A3956D46DE8}") = "Signature", "Signature", "{17CBED39-3630-4AD1-9A15-E32CD322A3E2}"
EndProject
Project("{2150E333-8FDC-42A3-9474-1A3956D46DE8}") = "SSO", "SSO", "{2D42F6FC-E075-4E14-814B-5B35AD355BE6}"
EndProject
Project("{9A19103F-16F7-4668-BE54-9A1E7A4F7556}") = "SetupSAML", "SetupSAML\SetupSAML.csproj", "{F143E9D7-8C90-44DF-9F7B-09481F99BC87}"
EndProject
Project("{9A19103F-16F7-4668-BE54-9A1E7A4F7556}") = "CreateSelfSignedCert", "Certificate\CreateSelfSignedCert\CreateSelfSignedCert.csproj", "{D42E74F2-AB73-4472-BB64-30D02F69B6B9}"
EndProject
Project("{9A19103F-16F7-4668-BE54-9A1E7A4F7556}") = "ValidateCert", "Certificate\ValidateCert\ValidateCert.csproj", "{BE89DC22-0968-478C-909D-A02FE78DF59B}"
EndProject
Project("{9A19103F-16F7-4668-BE54-9A1E7A4F7556}") = "CreateConfiguration", "Configuration\CreateConfiguration\CreateConfiguration.csproj", "{2468641F-8FCB-44B0-A8AE-16772681417A}"
EndProject
Project("{9A19103F-16F7-4668-BE54-9A1E7A4F7556}") = "Decrypt", "Encryption\Decrypt\Decrypt.csproj", "{9E3BDF79-1979-4B67-AE67-34512AC77A51}"
EndProject
Project("{9A19103F-16F7-4668-BE54-9A1E7A4F7556}") = "Encrypt", "Encryption\Encrypt\Encrypt.csproj", "{367E905F-F70F-4335-9DEA-CDFEC89ACF82}"
EndProject
Project("{9A19103F-16F7-4668-BE54-9A1E7A4F7556}") = "CreateMetadata", "Metadata\CreateMetadata\CreateMetadata.csproj", "{D597F7D7-91D8-4FC4-BC5E-5458BF53FA12}"
EndProject
Project("{9A19103F-16F7-4668-BE54-9A1E7A4F7556}") = "ExportMetadata", "Metadata\ExportMetadata\ExportMetadata.csproj", "{79A66ACF-D5B5-4B0B-987C-68CB362DA88B}"
EndProject
Project("{9A19103F-16F7-4668-BE54-9A1E7A4F7556}") = "ImportMetadata", "Metadata\ImportMetadata\ImportMetadata.csproj", "{57F4121E-AC21-4869-887F-CAA40D66B84E}"
EndProject
Project("{9A19103F-16F7-4668-BE54-9A1E7A4F7556}") = "ManageMetadataUpdates", "Metadata\ManageMetadataUpdates\ManageMetadataUpdates.csproj", "{3AA37371-A966-4651-9B5A-982E2F8E376E}"
EndProject
Project("{9A19103F-16F7-4668-BE54-9A1E7A4F7556}") = "GenerateSignature", "Signature\GenerateSignature\GenerateSignature.csproj", "{AD91D712-F864-4234-A7B3-1F4D9DAF8997}"
EndProject
Project("{9A19103F-16F7-4668-BE54-9A1E7A4F7556}") = "VerifySignature", "Signature\VerifySignature\VerifySignature.csproj", "{F5EF0B89-7FCD-4024-987F-C7C6F271A371}"
EndProject
Project("{9A19103F-16F7-4668-BE54-9A1E7A4F7556}") = "CookieIdentityProvider", "SSO\CookieIdentityProvider\CookieIdentityProvider.csproj", "{BA75F7B0-AE39-48FC-957D-B2559D4A6C23}"
EndProject
Project("{9A19103F-16F7-4668-BE54-9A1E7A4F7556}") = "CookieServiceProvider", "SSO\CookieServiceProvider\CookieServiceProvider.csproj", "{3FC8176C-013A-4186-B378-2605D04587FE}"
EndProject
Project("{9A19103F-16F7-4668-BE54-9A1E7A4F7556}") = "DatabaseIdentityProvider", "SSO\DatabaseIdentityProvider\DatabaseIdentityProvider.csproj", "{873FBC4F-DB70-42B2-8BE9-D21A77C424D9}"
EndProject
Project("{9A19103F-16F7-4668-BE54-9A1E7A4F7556}") = "DatabaseServiceProvider", "SSO\DatabaseServiceProvider\DatabaseServiceProvider.csproj", "{A90A5278-BBBE-413E-8A70-07AC93CA28E1}"
EndProject
Project("{9A19103F-16F7-4668-BE54-9A1E7A4F7556}") = "ExampleIdentityProvider", "SSO\ExampleIdentityProvider\ExampleIdentityProvider.csproj", "{ED9E4472-FEAF-4223-9135-C2D2CE4BBC49}"
EndProject
Project("{9A19103F-16F7-4668-BE54-9A1E7A4F7556}") = "ExampleServiceProvider", "SSO\ExampleServiceProvider\ExampleServiceProvider.csproj", "{04D6F77C-1955-43E7-AD9E-9F8A7E565F16}"
EndProject
Project("{9A19103F-16F7-4668-BE54-9A1E7A4F7556}") = "ExampleWebApi", "SSO\ExampleWebApi\ExampleWebApi.csproj", "{3A0ECA06-3466-4C01-AC7E-B841A24CC0E5}"
EndProject
Project("{9A19103F-16F7-4668-BE54-9A1E7A4F7556}") = "MiddlewareIdentityProvider", "SSO\MiddlewareIdentityProvider\MiddlewareIdentityProvider.csproj", "{1DA1E9CB-B9B0-4E4F-89F2-675047991031}"
EndProject
Project("{9A19103F-16F7-4668-BE54-9A1E7A4F7556}") = "MiddlewareServiceProvider", "SSO\MiddlewareServiceProvider\MiddlewareServiceProvider.csproj", "{52204D77-0B2D-4ECB-A9FE-0E628921C0C3}"
EndProject
Project("{9A19103F-16F7-4668-BE54-9A1E7A4F7556}") = "SamlProxy", "SSO\SamlProxy\SamlProxy.csproj", "{2B14462E-6C65-482E-8BD9-163CAFD84100}"
EndProject
Project("{2150E333-8FDC-42A3-9474-1A3956D46DE8}") = "Utility", "Utility", "{5AF36C3B-8186-44E1-90A9-0627F3609D9B}"
EndProject
Project("{9A19103F-16F7-4668-BE54-9A1E7A4F7556}") = "ValidateAgainstSchema", "Utility\ValidateAgainstSchema\ValidateAgainstSchema.csproj", "{2702239D-ED0D-483E-B023-E8350AD1CA44}"
EndProject
Project("{9A19103F-16F7-4668-BE54-9A1E7A4F7556}") = "BlazorIdentityProvider", "SSO\BlazorIdentityProvider\BlazorIdentityProvider.csproj", "{6BE447E2-2755-4933-B320-356F0958F81C}"
EndProject
Project("{9A19103F-16F7-4668-BE54-9A1E7A4F7556}") = "BlazorServiceProvider", "SSO\BlazorServiceProvider\BlazorServiceProvider.csproj", "{0E27CAEA-54E7-42D2-AD68-B45A8CD1E508}"
EndProject
Global
	GlobalSection(SolutionConfigurationPlatforms) = preSolution
		Debug|Any CPU = Debug|Any CPU
		Release|Any CPU = Release|Any CPU
	EndGlobalSection
	GlobalSection(ProjectConfigurationPlatforms) = postSolution
		{F143E9D7-8C90-44DF-9F7B-09481F99BC87}.Debug|Any CPU.ActiveCfg = Debug|Any CPU
		{F143E9D7-8C90-44DF-9F7B-09481F99BC87}.Debug|Any CPU.Build.0 = Debug|Any CPU
		{F143E9D7-8C90-44DF-9F7B-09481F99BC87}.Release|Any CPU.ActiveCfg = Release|Any CPU
		{F143E9D7-8C90-44DF-9F7B-09481F99BC87}.Release|Any CPU.Build.0 = Release|Any CPU
		{D42E74F2-AB73-4472-BB64-30D02F69B6B9}.Debug|Any CPU.ActiveCfg = Debug|Any CPU
		{D42E74F2-AB73-4472-BB64-30D02F69B6B9}.Debug|Any CPU.Build.0 = Debug|Any CPU
		{D42E74F2-AB73-4472-BB64-30D02F69B6B9}.Release|Any CPU.ActiveCfg = Release|Any CPU
		{D42E74F2-AB73-4472-BB64-30D02F69B6B9}.Release|Any CPU.Build.0 = Release|Any CPU
		{BE89DC22-0968-478C-909D-A02FE78DF59B}.Debug|Any CPU.ActiveCfg = Debug|Any CPU
		{BE89DC22-0968-478C-909D-A02FE78DF59B}.Debug|Any CPU.Build.0 = Debug|Any CPU
		{BE89DC22-0968-478C-909D-A02FE78DF59B}.Release|Any CPU.ActiveCfg = Release|Any CPU
		{BE89DC22-0968-478C-909D-A02FE78DF59B}.Release|Any CPU.Build.0 = Release|Any CPU
		{2468641F-8FCB-44B0-A8AE-16772681417A}.Debug|Any CPU.ActiveCfg = Debug|Any CPU
		{2468641F-8FCB-44B0-A8AE-16772681417A}.Debug|Any CPU.Build.0 = Debug|Any CPU
		{2468641F-8FCB-44B0-A8AE-16772681417A}.Release|Any CPU.ActiveCfg = Release|Any CPU
		{2468641F-8FCB-44B0-A8AE-16772681417A}.Release|Any CPU.Build.0 = Release|Any CPU
		{9E3BDF79-1979-4B67-AE67-34512AC77A51}.Debug|Any CPU.ActiveCfg = Debug|Any CPU
		{9E3BDF79-1979-4B67-AE67-34512AC77A51}.Debug|Any CPU.Build.0 = Debug|Any CPU
		{9E3BDF79-1979-4B67-AE67-34512AC77A51}.Release|Any CPU.ActiveCfg = Release|Any CPU
		{9E3BDF79-1979-4B67-AE67-34512AC77A51}.Release|Any CPU.Build.0 = Release|Any CPU
		{367E905F-F70F-4335-9DEA-CDFEC89ACF82}.Debug|Any CPU.ActiveCfg = Debug|Any CPU
		{367E905F-F70F-4335-9DEA-CDFEC89ACF82}.Debug|Any CPU.Build.0 = Debug|Any CPU
		{367E905F-F70F-4335-9DEA-CDFEC89ACF82}.Release|Any CPU.ActiveCfg = Release|Any CPU
		{367E905F-F70F-4335-9DEA-CDFEC89ACF82}.Release|Any CPU.Build.0 = Release|Any CPU
		{D597F7D7-91D8-4FC4-BC5E-5458BF53FA12}.Debug|Any CPU.ActiveCfg = Debug|Any CPU
		{D597F7D7-91D8-4FC4-BC5E-5458BF53FA12}.Debug|Any CPU.Build.0 = Debug|Any CPU
		{D597F7D7-91D8-4FC4-BC5E-5458BF53FA12}.Release|Any CPU.ActiveCfg = Release|Any CPU
		{D597F7D7-91D8-4FC4-BC5E-5458BF53FA12}.Release|Any CPU.Build.0 = Release|Any CPU
		{79A66ACF-D5B5-4B0B-987C-68CB362DA88B}.Debug|Any CPU.ActiveCfg = Debug|Any CPU
		{79A66ACF-D5B5-4B0B-987C-68CB362DA88B}.Debug|Any CPU.Build.0 = Debug|Any CPU
		{79A66ACF-D5B5-4B0B-987C-68CB362DA88B}.Release|Any CPU.ActiveCfg = Release|Any CPU
		{79A66ACF-D5B5-4B0B-987C-68CB362DA88B}.Release|Any CPU.Build.0 = Release|Any CPU
		{57F4121E-AC21-4869-887F-CAA40D66B84E}.Debug|Any CPU.ActiveCfg = Debug|Any CPU
		{57F4121E-AC21-4869-887F-CAA40D66B84E}.Debug|Any CPU.Build.0 = Debug|Any CPU
		{57F4121E-AC21-4869-887F-CAA40D66B84E}.Release|Any CPU.ActiveCfg = Release|Any CPU
		{57F4121E-AC21-4869-887F-CAA40D66B84E}.Release|Any CPU.Build.0 = Release|Any CPU
		{3AA37371-A966-4651-9B5A-982E2F8E376E}.Debug|Any CPU.ActiveCfg = Debug|Any CPU
		{3AA37371-A966-4651-9B5A-982E2F8E376E}.Debug|Any CPU.Build.0 = Debug|Any CPU
		{3AA37371-A966-4651-9B5A-982E2F8E376E}.Release|Any CPU.ActiveCfg = Release|Any CPU
		{3AA37371-A966-4651-9B5A-982E2F8E376E}.Release|Any CPU.Build.0 = Release|Any CPU
		{AD91D712-F864-4234-A7B3-1F4D9DAF8997}.Debug|Any CPU.ActiveCfg = Debug|Any CPU
		{AD91D712-F864-4234-A7B3-1F4D9DAF8997}.Debug|Any CPU.Build.0 = Debug|Any CPU
		{AD91D712-F864-4234-A7B3-1F4D9DAF8997}.Release|Any CPU.ActiveCfg = Release|Any CPU
		{AD91D712-F864-4234-A7B3-1F4D9DAF8997}.Release|Any CPU.Build.0 = Release|Any CPU
		{F5EF0B89-7FCD-4024-987F-C7C6F271A371}.Debug|Any CPU.ActiveCfg = Debug|Any CPU
		{F5EF0B89-7FCD-4024-987F-C7C6F271A371}.Debug|Any CPU.Build.0 = Debug|Any CPU
		{F5EF0B89-7FCD-4024-987F-C7C6F271A371}.Release|Any CPU.ActiveCfg = Release|Any CPU
		{F5EF0B89-7FCD-4024-987F-C7C6F271A371}.Release|Any CPU.Build.0 = Release|Any CPU
		{BA75F7B0-AE39-48FC-957D-B2559D4A6C23}.Debug|Any CPU.ActiveCfg = Debug|Any CPU
		{BA75F7B0-AE39-48FC-957D-B2559D4A6C23}.Debug|Any CPU.Build.0 = Debug|Any CPU
		{BA75F7B0-AE39-48FC-957D-B2559D4A6C23}.Release|Any CPU.ActiveCfg = Release|Any CPU
		{BA75F7B0-AE39-48FC-957D-B2559D4A6C23}.Release|Any CPU.Build.0 = Release|Any CPU
		{3FC8176C-013A-4186-B378-2605D04587FE}.Debug|Any CPU.ActiveCfg = Debug|Any CPU
		{3FC8176C-013A-4186-B378-2605D04587FE}.Debug|Any CPU.Build.0 = Debug|Any CPU
		{3FC8176C-013A-4186-B378-2605D04587FE}.Release|Any CPU.ActiveCfg = Release|Any CPU
		{3FC8176C-013A-4186-B378-2605D04587FE}.Release|Any CPU.Build.0 = Release|Any CPU
		{873FBC4F-DB70-42B2-8BE9-D21A77C424D9}.Debug|Any CPU.ActiveCfg = Debug|Any CPU
		{873FBC4F-DB70-42B2-8BE9-D21A77C424D9}.Debug|Any CPU.Build.0 = Debug|Any CPU
		{873FBC4F-DB70-42B2-8BE9-D21A77C424D9}.Release|Any CPU.ActiveCfg = Release|Any CPU
		{873FBC4F-DB70-42B2-8BE9-D21A77C424D9}.Release|Any CPU.Build.0 = Release|Any CPU
		{A90A5278-BBBE-413E-8A70-07AC93CA28E1}.Debug|Any CPU.ActiveCfg = Debug|Any CPU
		{A90A5278-BBBE-413E-8A70-07AC93CA28E1}.Debug|Any CPU.Build.0 = Debug|Any CPU
		{A90A5278-BBBE-413E-8A70-07AC93CA28E1}.Release|Any CPU.ActiveCfg = Release|Any CPU
		{A90A5278-BBBE-413E-8A70-07AC93CA28E1}.Release|Any CPU.Build.0 = Release|Any CPU
		{ED9E4472-FEAF-4223-9135-C2D2CE4BBC49}.Debug|Any CPU.ActiveCfg = Debug|Any CPU
		{ED9E4472-FEAF-4223-9135-C2D2CE4BBC49}.Debug|Any CPU.Build.0 = Debug|Any CPU
		{ED9E4472-FEAF-4223-9135-C2D2CE4BBC49}.Release|Any CPU.ActiveCfg = Release|Any CPU
		{ED9E4472-FEAF-4223-9135-C2D2CE4BBC49}.Release|Any CPU.Build.0 = Release|Any CPU
		{04D6F77C-1955-43E7-AD9E-9F8A7E565F16}.Debug|Any CPU.ActiveCfg = Debug|Any CPU
		{04D6F77C-1955-43E7-AD9E-9F8A7E565F16}.Debug|Any CPU.Build.0 = Debug|Any CPU
		{04D6F77C-1955-43E7-AD9E-9F8A7E565F16}.Release|Any CPU.ActiveCfg = Release|Any CPU
		{04D6F77C-1955-43E7-AD9E-9F8A7E565F16}.Release|Any CPU.Build.0 = Release|Any CPU
		{3A0ECA06-3466-4C01-AC7E-B841A24CC0E5}.Debug|Any CPU.ActiveCfg = Debug|Any CPU
		{3A0ECA06-3466-4C01-AC7E-B841A24CC0E5}.Debug|Any CPU.Build.0 = Debug|Any CPU
		{3A0ECA06-3466-4C01-AC7E-B841A24CC0E5}.Release|Any CPU.ActiveCfg = Release|Any CPU
		{3A0ECA06-3466-4C01-AC7E-B841A24CC0E5}.Release|Any CPU.Build.0 = Release|Any CPU
		{1DA1E9CB-B9B0-4E4F-89F2-675047991031}.Debug|Any CPU.ActiveCfg = Debug|Any CPU
		{1DA1E9CB-B9B0-4E4F-89F2-675047991031}.Debug|Any CPU.Build.0 = Debug|Any CPU
		{1DA1E9CB-B9B0-4E4F-89F2-675047991031}.Release|Any CPU.ActiveCfg = Release|Any CPU
		{1DA1E9CB-B9B0-4E4F-89F2-675047991031}.Release|Any CPU.Build.0 = Release|Any CPU
		{52204D77-0B2D-4ECB-A9FE-0E628921C0C3}.Debug|Any CPU.ActiveCfg = Debug|Any CPU
		{52204D77-0B2D-4ECB-A9FE-0E628921C0C3}.Debug|Any CPU.Build.0 = Debug|Any CPU
		{52204D77-0B2D-4ECB-A9FE-0E628921C0C3}.Release|Any CPU.ActiveCfg = Release|Any CPU
		{52204D77-0B2D-4ECB-A9FE-0E628921C0C3}.Release|Any CPU.Build.0 = Release|Any CPU
		{2B14462E-6C65-482E-8BD9-163CAFD84100}.Debug|Any CPU.ActiveCfg = Debug|Any CPU
		{2B14462E-6C65-482E-8BD9-163CAFD84100}.Debug|Any CPU.Build.0 = Debug|Any CPU
		{2B14462E-6C65-482E-8BD9-163CAFD84100}.Release|Any CPU.ActiveCfg = Release|Any CPU
		{2B14462E-6C65-482E-8BD9-163CAFD84100}.Release|Any CPU.Build.0 = Release|Any CPU
		{2702239D-ED0D-483E-B023-E8350AD1CA44}.Debug|Any CPU.ActiveCfg = Debug|Any CPU
		{2702239D-ED0D-483E-B023-E8350AD1CA44}.Debug|Any CPU.Build.0 = Debug|Any CPU
		{2702239D-ED0D-483E-B023-E8350AD1CA44}.Release|Any CPU.ActiveCfg = Release|Any CPU
		{2702239D-ED0D-483E-B023-E8350AD1CA44}.Release|Any CPU.Build.0 = Release|Any CPU
		{6BE447E2-2755-4933-B320-356F0958F81C}.Debug|Any CPU.ActiveCfg = Debug|Any CPU
		{6BE447E2-2755-4933-B320-356F0958F81C}.Debug|Any CPU.Build.0 = Debug|Any CPU
		{6BE447E2-2755-4933-B320-356F0958F81C}.Release|Any CPU.ActiveCfg = Release|Any CPU
		{6BE447E2-2755-4933-B320-356F0958F81C}.Release|Any CPU.Build.0 = Release|Any CPU
		{0E27CAEA-54E7-42D2-AD68-B45A8CD1E508}.Debug|Any CPU.ActiveCfg = Debug|Any CPU
		{0E27CAEA-54E7-42D2-AD68-B45A8CD1E508}.Debug|Any CPU.Build.0 = Debug|Any CPU
		{0E27CAEA-54E7-42D2-AD68-B45A8CD1E508}.Release|Any CPU.ActiveCfg = Release|Any CPU
		{0E27CAEA-54E7-42D2-AD68-B45A8CD1E508}.Release|Any CPU.Build.0 = Release|Any CPU
	EndGlobalSection
	GlobalSection(SolutionProperties) = preSolution
		HideSolutionNode = FALSE
	EndGlobalSection
	GlobalSection(NestedProjects) = preSolution
		{D42E74F2-AB73-4472-BB64-30D02F69B6B9} = {0C2660F2-71F6-4DE7-8E12-7BE8522081FF}
		{BE89DC22-0968-478C-909D-A02FE78DF59B} = {0C2660F2-71F6-4DE7-8E12-7BE8522081FF}
		{2468641F-8FCB-44B0-A8AE-16772681417A} = {5D6DA224-1C0A-463C-9A48-26E9E61E2D9A}
		{9E3BDF79-1979-4B67-AE67-34512AC77A51} = {6B4EADF9-AF30-4CB5-BB92-4EA83725C726}
		{367E905F-F70F-4335-9DEA-CDFEC89ACF82} = {6B4EADF9-AF30-4CB5-BB92-4EA83725C726}
		{D597F7D7-91D8-4FC4-BC5E-5458BF53FA12} = {5E3774EA-EE4F-46E4-9A6D-EE12331A7D5D}
		{79A66ACF-D5B5-4B0B-987C-68CB362DA88B} = {5E3774EA-EE4F-46E4-9A6D-EE12331A7D5D}
		{57F4121E-AC21-4869-887F-CAA40D66B84E} = {5E3774EA-EE4F-46E4-9A6D-EE12331A7D5D}
		{3AA37371-A966-4651-9B5A-982E2F8E376E} = {5E3774EA-EE4F-46E4-9A6D-EE12331A7D5D}
		{AD91D712-F864-4234-A7B3-1F4D9DAF8997} = {17CBED39-3630-4AD1-9A15-E32CD322A3E2}
		{F5EF0B89-7FCD-4024-987F-C7C6F271A371} = {17CBED39-3630-4AD1-9A15-E32CD322A3E2}
		{BA75F7B0-AE39-48FC-957D-B2559D4A6C23} = {2D42F6FC-E075-4E14-814B-5B35AD355BE6}
		{3FC8176C-013A-4186-B378-2605D04587FE} = {2D42F6FC-E075-4E14-814B-5B35AD355BE6}
		{873FBC4F-DB70-42B2-8BE9-D21A77C424D9} = {2D42F6FC-E075-4E14-814B-5B35AD355BE6}
		{A90A5278-BBBE-413E-8A70-07AC93CA28E1} = {2D42F6FC-E075-4E14-814B-5B35AD355BE6}
		{ED9E4472-FEAF-4223-9135-C2D2CE4BBC49} = {2D42F6FC-E075-4E14-814B-5B35AD355BE6}
		{04D6F77C-1955-43E7-AD9E-9F8A7E565F16} = {2D42F6FC-E075-4E14-814B-5B35AD355BE6}
		{3A0ECA06-3466-4C01-AC7E-B841A24CC0E5} = {2D42F6FC-E075-4E14-814B-5B35AD355BE6}
		{1DA1E9CB-B9B0-4E4F-89F2-675047991031} = {2D42F6FC-E075-4E14-814B-5B35AD355BE6}
		{52204D77-0B2D-4ECB-A9FE-0E628921C0C3} = {2D42F6FC-E075-4E14-814B-5B35AD355BE6}
		{2B14462E-6C65-482E-8BD9-163CAFD84100} = {2D42F6FC-E075-4E14-814B-5B35AD355BE6}
		{2702239D-ED0D-483E-B023-E8350AD1CA44} = {5AF36C3B-8186-44E1-90A9-0627F3609D9B}
		{6BE447E2-2755-4933-B320-356F0958F81C} = {2D42F6FC-E075-4E14-814B-5B35AD355BE6}
		{0E27CAEA-54E7-42D2-AD68-B45A8CD1E508} = {2D42F6FC-E075-4E14-814B-5B35AD355BE6}
	EndGlobalSection
	GlobalSection(ExtensibilityGlobals) = postSolution
		SolutionGuid = {D3CB3EAD-BD79-47FC-AD92-299A63022ED9}
	EndGlobalSection
EndGlobal
