
Microsoft Visual Studio Solution File, Format Version 12.00
# Visual Studio Version 17
VisualStudioVersion = 17.0.31903.59
MinimumVisualStudioVersion = 10.0.40219.1
Project("{2150E333-8FDC-42A3-9474-1A3956D46DE8}") = "Certificate", "Certificate", "{596915AE-6672-493F-9EEC-8E6E179C7CAB}"
EndProject
Project("{2150E333-8FDC-42A3-9474-1A3956D46DE8}") = "Configuration", "Configuration", "{654E20D6-DE8C-484C-98E7-762A51B93116}"
EndProject
Project("{2150E333-8FDC-42A3-9474-1A3956D46DE8}") = "Encryption", "Encryption", "{E58C1BD3-C2BB-40A8-AAE9-55EF97D85C76}"
EndProject
Project("{2150E333-8FDC-42A3-9474-1A3956D46DE8}") = "Metadata", "Metadata", "{0102F5DF-4E6D-4D2D-B8BB-02E545A0A7DB}"
EndProject
Project("{2150E333-8FDC-42A3-9474-1A3956D46DE8}") = "Signature", "Signature", "{3CED62F4-0BE8-47E3-B654-044B1248738F}"
EndProject
Project("{2150E333-8FDC-42A3-9474-1A3956D46DE8}") = "SSO", "SSO", "{43EF4395-416E-440F-941C-CA4FD7A13F0B}"
EndProject
Project("{9A19103F-16F7-4668-BE54-9A1E7A4F7556}") = "CreateSelfSignedCert", "Certificate\CreateSelfSignedCert\CreateSelfSignedCert.csproj", "{A64A2286-EE94-44CD-8A3C-B943B9C19C54}"
EndProject
Project("{9A19103F-16F7-4668-BE54-9A1E7A4F7556}") = "ValidateCert", "Certificate\ValidateCert\ValidateCert.csproj", "{5E547419-0285-4F61-9D9A-3D04E8CB17B7}"
EndProject
Project("{9A19103F-16F7-4668-BE54-9A1E7A4F7556}") = "CreateConfiguration", "Configuration\CreateConfiguration\CreateConfiguration.csproj", "{DA7325E9-6B42-4FB5-A37F-94967977179A}"
EndProject
Project("{9A19103F-16F7-4668-BE54-9A1E7A4F7556}") = "Decrypt", "Encryption\Decrypt\Decrypt.csproj", "{79617758-0140-4AC2-8A56-B6B34E1342A5}"
EndProject
Project("{9A19103F-16F7-4668-BE54-9A1E7A4F7556}") = "Encrypt", "Encryption\Encrypt\Encrypt.csproj", "{DEBE042B-0818-4B24-B0B8-11382968BB15}"
EndProject
Project("{9A19103F-16F7-4668-BE54-9A1E7A4F7556}") = "GenerateSignature", "Signature\GenerateSignature\GenerateSignature.csproj", "{A0888681-FA60-44E4-88CB-C22EAB39A675}"
EndProject
Project("{9A19103F-16F7-4668-BE54-9A1E7A4F7556}") = "VerifySignature", "Signature\VerifySignature\VerifySignature.csproj", "{0CACD602-8B8C-46AB-BFC6-F97B35C76343}"
EndProject
Project("{9A19103F-16F7-4668-BE54-9A1E7A4F7556}") = "CreateMetadata", "Metadata\CreateMetadata\CreateMetadata.csproj", "{54192934-1C81-4485-94B0-AE7B2AB1A2DF}"
EndProject
Project("{9A19103F-16F7-4668-BE54-9A1E7A4F7556}") = "ExportMetadata", "Metadata\ExportMetadata\ExportMetadata.csproj", "{20F8B19A-D6AE-47BD-9548-054DA4BE87CE}"
EndProject
Project("{9A19103F-16F7-4668-BE54-9A1E7A4F7556}") = "ImportMetadata", "Metadata\ImportMetadata\ImportMetadata.csproj", "{FD866D03-D3AE-4E64-AC5B-6307CB107FBE}"
EndProject
Project("{9A19103F-16F7-4668-BE54-9A1E7A4F7556}") = "ExampleIdentityProvider", "SSO\ExampleIdentityProvider\ExampleIdentityProvider.csproj", "{58CA5473-BB98-4398-A0B2-C93C92D5F06D}"
EndProject
Project("{9A19103F-16F7-4668-BE54-9A1E7A4F7556}") = "ExampleServiceProvider", "SSO\ExampleServiceProvider\ExampleServiceProvider.csproj", "{7C8B3522-DF4B-4C55-ACAD-975DDDCEAC9E}"
EndProject
Project("{9A19103F-16F7-4668-BE54-9A1E7A4F7556}") = "MiddlewareIdentityProvider", "SSO\MiddlewareIdentityProvider\MiddlewareIdentityProvider.csproj", "{99293753-CC93-4A23-99F3-4661E7578BC3}"
EndProject
Project("{9A19103F-16F7-4668-BE54-9A1E7A4F7556}") = "MiddlewareServiceProvider", "SSO\MiddlewareServiceProvider\MiddlewareServiceProvider.csproj", "{1A8187A8-2EDA-4FBE-B06C-D082E729BEE2}"
EndProject
Project("{9A19103F-16F7-4668-BE54-9A1E7A4F7556}") = "SamlProxy", "SSO\SamlProxy\SamlProxy.csproj", "{F758E03C-A5B7-4BA7-9574-AB8BFF9CB6FA}"
EndProject
Project("{9A19103F-16F7-4668-BE54-9A1E7A4F7556}") = "ExampleWebApi", "SSO\ExampleWebApi\ExampleWebApi.csproj", "{3DFB97A6-06B4-4E40-8DA2-832081F46B69}"
EndProject
Project("{9A19103F-16F7-4668-BE54-9A1E7A4F7556}") = "CookieServiceProvider", "SSO\CookieServiceProvider\CookieServiceProvider.csproj", "{1F8A778A-4221-405D-9020-94C8550E2375}"
EndProject
Project("{9A19103F-16F7-4668-BE54-9A1E7A4F7556}") = "BlazorServerIdentityProvider", "SSO\BlazorServerIdentityProvider\BlazorServerIdentityProvider.csproj", "{89282208-D1DA-47F7-9884-06DB8EB0E396}"
EndProject
Project("{9A19103F-16F7-4668-BE54-9A1E7A4F7556}") = "BlazorServerServiceProvider", "SSO\BlazorServerServiceProvider\BlazorServerServiceProvider.csproj", "{36DBDAA0-42BE-4E26-B212-35872CD6CA68}"
EndProject
Project("{9A19103F-16F7-4668-BE54-9A1E7A4F7556}") = "DatabaseIdentityProvider", "SSO\DatabaseIdentityProvider\DatabaseIdentityProvider.csproj", "{642A0439-9F82-4446-BDE6-890DA73A0286}"
EndProject
Project("{9A19103F-16F7-4668-BE54-9A1E7A4F7556}") = "DatabaseServiceProvider", "SSO\DatabaseServiceProvider\DatabaseServiceProvider.csproj", "{1A9685C3-6781-47C7-BD63-830B6B12D0D5}"
EndProject
Project("{9A19103F-16F7-4668-BE54-9A1E7A4F7556}") = "CookieIdentityProvider", "SSO\CookieIdentityProvider\CookieIdentityProvider.csproj", "{A90FAE41-5A19-4627-A87C-B1E1648C5646}"
EndProject
Project("{9A19103F-16F7-4668-BE54-9A1E7A4F7556}") = "SetupSAML", "SetupSAML\SetupSAML.csproj", "{2E247F28-FE32-45F4-9391-B042C313B2BB}"
EndProject
Project("{9A19103F-16F7-4668-BE54-9A1E7A4F7556}") = "ManageMetadataUpdates", "Metadata\ManageMetadataUpdates\ManageMetadataUpdates.csproj", "{6B3744B4-2988-4C4C-A2E9-F8F4C396A239}"
EndProject
Global
	GlobalSection(SolutionConfigurationPlatforms) = preSolution
		Debug|Any CPU = Debug|Any CPU
		Release|Any CPU = Release|Any CPU
	EndGlobalSection
	GlobalSection(ProjectConfigurationPlatforms) = postSolution
		{A64A2286-EE94-44CD-8A3C-B943B9C19C54}.Debug|Any CPU.ActiveCfg = Debug|Any CPU
		{A64A2286-EE94-44CD-8A3C-B943B9C19C54}.Debug|Any CPU.Build.0 = Debug|Any CPU
		{A64A2286-EE94-44CD-8A3C-B943B9C19C54}.Release|Any CPU.ActiveCfg = Release|Any CPU
		{A64A2286-EE94-44CD-8A3C-B943B9C19C54}.Release|Any CPU.Build.0 = Release|Any CPU
		{5E547419-0285-4F61-9D9A-3D04E8CB17B7}.Debug|Any CPU.ActiveCfg = Debug|Any CPU
		{5E547419-0285-4F61-9D9A-3D04E8CB17B7}.Debug|Any CPU.Build.0 = Debug|Any CPU
		{5E547419-0285-4F61-9D9A-3D04E8CB17B7}.Release|Any CPU.ActiveCfg = Release|Any CPU
		{5E547419-0285-4F61-9D9A-3D04E8CB17B7}.Release|Any CPU.Build.0 = Release|Any CPU
		{DA7325E9-6B42-4FB5-A37F-94967977179A}.Debug|Any CPU.ActiveCfg = Debug|Any CPU
		{DA7325E9-6B42-4FB5-A37F-94967977179A}.Debug|Any CPU.Build.0 = Debug|Any CPU
		{DA7325E9-6B42-4FB5-A37F-94967977179A}.Release|Any CPU.ActiveCfg = Release|Any CPU
		{DA7325E9-6B42-4FB5-A37F-94967977179A}.Release|Any CPU.Build.0 = Release|Any CPU
		{79617758-0140-4AC2-8A56-B6B34E1342A5}.Debug|Any CPU.ActiveCfg = Debug|Any CPU
		{79617758-0140-4AC2-8A56-B6B34E1342A5}.Debug|Any CPU.Build.0 = Debug|Any CPU
		{79617758-0140-4AC2-8A56-B6B34E1342A5}.Release|Any CPU.ActiveCfg = Release|Any CPU
		{79617758-0140-4AC2-8A56-B6B34E1342A5}.Release|Any CPU.Build.0 = Release|Any CPU
		{DEBE042B-0818-4B24-B0B8-11382968BB15}.Debug|Any CPU.ActiveCfg = Debug|Any CPU
		{DEBE042B-0818-4B24-B0B8-11382968BB15}.Debug|Any CPU.Build.0 = Debug|Any CPU
		{DEBE042B-0818-4B24-B0B8-11382968BB15}.Release|Any CPU.ActiveCfg = Release|Any CPU
		{DEBE042B-0818-4B24-B0B8-11382968BB15}.Release|Any CPU.Build.0 = Release|Any CPU
		{A0888681-FA60-44E4-88CB-C22EAB39A675}.Debug|Any CPU.ActiveCfg = Debug|Any CPU
		{A0888681-FA60-44E4-88CB-C22EAB39A675}.Debug|Any CPU.Build.0 = Debug|Any CPU
		{A0888681-FA60-44E4-88CB-C22EAB39A675}.Release|Any CPU.ActiveCfg = Release|Any CPU
		{A0888681-FA60-44E4-88CB-C22EAB39A675}.Release|Any CPU.Build.0 = Release|Any CPU
		{0CACD602-8B8C-46AB-BFC6-F97B35C76343}.Debug|Any CPU.ActiveCfg = Debug|Any CPU
		{0CACD602-8B8C-46AB-BFC6-F97B35C76343}.Debug|Any CPU.Build.0 = Debug|Any CPU
		{0CACD602-8B8C-46AB-BFC6-F97B35C76343}.Release|Any CPU.ActiveCfg = Release|Any CPU
		{0CACD602-8B8C-46AB-BFC6-F97B35C76343}.Release|Any CPU.Build.0 = Release|Any CPU
		{54192934-1C81-4485-94B0-AE7B2AB1A2DF}.Debug|Any CPU.ActiveCfg = Debug|Any CPU
		{54192934-1C81-4485-94B0-AE7B2AB1A2DF}.Debug|Any CPU.Build.0 = Debug|Any CPU
		{54192934-1C81-4485-94B0-AE7B2AB1A2DF}.Release|Any CPU.ActiveCfg = Release|Any CPU
		{54192934-1C81-4485-94B0-AE7B2AB1A2DF}.Release|Any CPU.Build.0 = Release|Any CPU
		{20F8B19A-D6AE-47BD-9548-054DA4BE87CE}.Debug|Any CPU.ActiveCfg = Debug|Any CPU
		{20F8B19A-D6AE-47BD-9548-054DA4BE87CE}.Debug|Any CPU.Build.0 = Debug|Any CPU
		{20F8B19A-D6AE-47BD-9548-054DA4BE87CE}.Release|Any CPU.ActiveCfg = Release|Any CPU
		{20F8B19A-D6AE-47BD-9548-054DA4BE87CE}.Release|Any CPU.Build.0 = Release|Any CPU
		{FD866D03-D3AE-4E64-AC5B-6307CB107FBE}.Debug|Any CPU.ActiveCfg = Debug|Any CPU
		{FD866D03-D3AE-4E64-AC5B-6307CB107FBE}.Debug|Any CPU.Build.0 = Debug|Any CPU
		{FD866D03-D3AE-4E64-AC5B-6307CB107FBE}.Release|Any CPU.ActiveCfg = Release|Any CPU
		{FD866D03-D3AE-4E64-AC5B-6307CB107FBE}.Release|Any CPU.Build.0 = Release|Any CPU
		{58CA5473-BB98-4398-A0B2-C93C92D5F06D}.Debug|Any CPU.ActiveCfg = Debug|Any CPU
		{58CA5473-BB98-4398-A0B2-C93C92D5F06D}.Debug|Any CPU.Build.0 = Debug|Any CPU
		{58CA5473-BB98-4398-A0B2-C93C92D5F06D}.Release|Any CPU.ActiveCfg = Release|Any CPU
		{58CA5473-BB98-4398-A0B2-C93C92D5F06D}.Release|Any CPU.Build.0 = Release|Any CPU
		{7C8B3522-DF4B-4C55-ACAD-975DDDCEAC9E}.Debug|Any CPU.ActiveCfg = Debug|Any CPU
		{7C8B3522-DF4B-4C55-ACAD-975DDDCEAC9E}.Debug|Any CPU.Build.0 = Debug|Any CPU
		{7C8B3522-DF4B-4C55-ACAD-975DDDCEAC9E}.Release|Any CPU.ActiveCfg = Release|Any CPU
		{7C8B3522-DF4B-4C55-ACAD-975DDDCEAC9E}.Release|Any CPU.Build.0 = Release|Any CPU
		{99293753-CC93-4A23-99F3-4661E7578BC3}.Debug|Any CPU.ActiveCfg = Debug|Any CPU
		{99293753-CC93-4A23-99F3-4661E7578BC3}.Debug|Any CPU.Build.0 = Debug|Any CPU
		{99293753-CC93-4A23-99F3-4661E7578BC3}.Release|Any CPU.ActiveCfg = Release|Any CPU
		{99293753-CC93-4A23-99F3-4661E7578BC3}.Release|Any CPU.Build.0 = Release|Any CPU
		{1A8187A8-2EDA-4FBE-B06C-D082E729BEE2}.Debug|Any CPU.ActiveCfg = Debug|Any CPU
		{1A8187A8-2EDA-4FBE-B06C-D082E729BEE2}.Debug|Any CPU.Build.0 = Debug|Any CPU
		{1A8187A8-2EDA-4FBE-B06C-D082E729BEE2}.Release|Any CPU.ActiveCfg = Release|Any CPU
		{1A8187A8-2EDA-4FBE-B06C-D082E729BEE2}.Release|Any CPU.Build.0 = Release|Any CPU
		{F758E03C-A5B7-4BA7-9574-AB8BFF9CB6FA}.Debug|Any CPU.ActiveCfg = Debug|Any CPU
		{F758E03C-A5B7-4BA7-9574-AB8BFF9CB6FA}.Debug|Any CPU.Build.0 = Debug|Any CPU
		{F758E03C-A5B7-4BA7-9574-AB8BFF9CB6FA}.Release|Any CPU.ActiveCfg = Release|Any CPU
		{F758E03C-A5B7-4BA7-9574-AB8BFF9CB6FA}.Release|Any CPU.Build.0 = Release|Any CPU
		{3DFB97A6-06B4-4E40-8DA2-832081F46B69}.Debug|Any CPU.ActiveCfg = Debug|Any CPU
		{3DFB97A6-06B4-4E40-8DA2-832081F46B69}.Debug|Any CPU.Build.0 = Debug|Any CPU
		{3DFB97A6-06B4-4E40-8DA2-832081F46B69}.Release|Any CPU.ActiveCfg = Release|Any CPU
		{3DFB97A6-06B4-4E40-8DA2-832081F46B69}.Release|Any CPU.Build.0 = Release|Any CPU
		{1F8A778A-4221-405D-9020-94C8550E2375}.Debug|Any CPU.ActiveCfg = Debug|Any CPU
		{1F8A778A-4221-405D-9020-94C8550E2375}.Debug|Any CPU.Build.0 = Debug|Any CPU
		{1F8A778A-4221-405D-9020-94C8550E2375}.Release|Any CPU.ActiveCfg = Release|Any CPU
		{1F8A778A-4221-405D-9020-94C8550E2375}.Release|Any CPU.Build.0 = Release|Any CPU
		{89282208-D1DA-47F7-9884-06DB8EB0E396}.Debug|Any CPU.ActiveCfg = Debug|Any CPU
		{89282208-D1DA-47F7-9884-06DB8EB0E396}.Debug|Any CPU.Build.0 = Debug|Any CPU
		{89282208-D1DA-47F7-9884-06DB8EB0E396}.Release|Any CPU.ActiveCfg = Release|Any CPU
		{89282208-D1DA-47F7-9884-06DB8EB0E396}.Release|Any CPU.Build.0 = Release|Any CPU
		{36DBDAA0-42BE-4E26-B212-35872CD6CA68}.Debug|Any CPU.ActiveCfg = Debug|Any CPU
		{36DBDAA0-42BE-4E26-B212-35872CD6CA68}.Debug|Any CPU.Build.0 = Debug|Any CPU
		{36DBDAA0-42BE-4E26-B212-35872CD6CA68}.Release|Any CPU.ActiveCfg = Release|Any CPU
		{36DBDAA0-42BE-4E26-B212-35872CD6CA68}.Release|Any CPU.Build.0 = Release|Any CPU
		{642A0439-9F82-4446-BDE6-890DA73A0286}.Debug|Any CPU.ActiveCfg = Debug|Any CPU
		{642A0439-9F82-4446-BDE6-890DA73A0286}.Debug|Any CPU.Build.0 = Debug|Any CPU
		{642A0439-9F82-4446-BDE6-890DA73A0286}.Release|Any CPU.ActiveCfg = Release|Any CPU
		{642A0439-9F82-4446-BDE6-890DA73A0286}.Release|Any CPU.Build.0 = Release|Any CPU
		{1A9685C3-6781-47C7-BD63-830B6B12D0D5}.Debug|Any CPU.ActiveCfg = Debug|Any CPU
		{1A9685C3-6781-47C7-BD63-830B6B12D0D5}.Debug|Any CPU.Build.0 = Debug|Any CPU
		{1A9685C3-6781-47C7-BD63-830B6B12D0D5}.Release|Any CPU.ActiveCfg = Release|Any CPU
		{1A9685C3-6781-47C7-BD63-830B6B12D0D5}.Release|Any CPU.Build.0 = Release|Any CPU
		{A90FAE41-5A19-4627-A87C-B1E1648C5646}.Debug|Any CPU.ActiveCfg = Debug|Any CPU
		{A90FAE41-5A19-4627-A87C-B1E1648C5646}.Debug|Any CPU.Build.0 = Debug|Any CPU
		{A90FAE41-5A19-4627-A87C-B1E1648C5646}.Release|Any CPU.ActiveCfg = Release|Any CPU
		{A90FAE41-5A19-4627-A87C-B1E1648C5646}.Release|Any CPU.Build.0 = Release|Any CPU
		{2E247F28-FE32-45F4-9391-B042C313B2BB}.Debug|Any CPU.ActiveCfg = Debug|Any CPU
		{2E247F28-FE32-45F4-9391-B042C313B2BB}.Debug|Any CPU.Build.0 = Debug|Any CPU
		{2E247F28-FE32-45F4-9391-B042C313B2BB}.Release|Any CPU.ActiveCfg = Release|Any CPU
		{2E247F28-FE32-45F4-9391-B042C313B2BB}.Release|Any CPU.Build.0 = Release|Any CPU
		{6B3744B4-2988-4C4C-A2E9-F8F4C396A239}.Debug|Any CPU.ActiveCfg = Debug|Any CPU
		{6B3744B4-2988-4C4C-A2E9-F8F4C396A239}.Debug|Any CPU.Build.0 = Debug|Any CPU
		{6B3744B4-2988-4C4C-A2E9-F8F4C396A239}.Release|Any CPU.ActiveCfg = Release|Any CPU
		{6B3744B4-2988-4C4C-A2E9-F8F4C396A239}.Release|Any CPU.Build.0 = Release|Any CPU
	EndGlobalSection
	GlobalSection(SolutionProperties) = preSolution
		HideSolutionNode = FALSE
	EndGlobalSection
	GlobalSection(NestedProjects) = preSolution
		{A64A2286-EE94-44CD-8A3C-B943B9C19C54} = {596915AE-6672-493F-9EEC-8E6E179C7CAB}
		{5E547419-0285-4F61-9D9A-3D04E8CB17B7} = {596915AE-6672-493F-9EEC-8E6E179C7CAB}
		{DA7325E9-6B42-4FB5-A37F-94967977179A} = {654E20D6-DE8C-484C-98E7-762A51B93116}
		{79617758-0140-4AC2-8A56-B6B34E1342A5} = {E58C1BD3-C2BB-40A8-AAE9-55EF97D85C76}
		{DEBE042B-0818-4B24-B0B8-11382968BB15} = {E58C1BD3-C2BB-40A8-AAE9-55EF97D85C76}
		{A0888681-FA60-44E4-88CB-C22EAB39A675} = {3CED62F4-0BE8-47E3-B654-044B1248738F}
		{0CACD602-8B8C-46AB-BFC6-F97B35C76343} = {3CED62F4-0BE8-47E3-B654-044B1248738F}
		{54192934-1C81-4485-94B0-AE7B2AB1A2DF} = {0102F5DF-4E6D-4D2D-B8BB-02E545A0A7DB}
		{20F8B19A-D6AE-47BD-9548-054DA4BE87CE} = {0102F5DF-4E6D-4D2D-B8BB-02E545A0A7DB}
		{FD866D03-D3AE-4E64-AC5B-6307CB107FBE} = {0102F5DF-4E6D-4D2D-B8BB-02E545A0A7DB}
		{58CA5473-BB98-4398-A0B2-C93C92D5F06D} = {43EF4395-416E-440F-941C-CA4FD7A13F0B}
		{7C8B3522-DF4B-4C55-ACAD-975DDDCEAC9E} = {43EF4395-416E-440F-941C-CA4FD7A13F0B}
		{99293753-CC93-4A23-99F3-4661E7578BC3} = {43EF4395-416E-440F-941C-CA4FD7A13F0B}
		{1A8187A8-2EDA-4FBE-B06C-D082E729BEE2} = {43EF4395-416E-440F-941C-CA4FD7A13F0B}
		{F758E03C-A5B7-4BA7-9574-AB8BFF9CB6FA} = {43EF4395-416E-440F-941C-CA4FD7A13F0B}
		{3DFB97A6-06B4-4E40-8DA2-832081F46B69} = {43EF4395-416E-440F-941C-CA4FD7A13F0B}
		{1F8A778A-4221-405D-9020-94C8550E2375} = {43EF4395-416E-440F-941C-CA4FD7A13F0B}
		{89282208-D1DA-47F7-9884-06DB8EB0E396} = {43EF4395-416E-440F-941C-CA4FD7A13F0B}
		{36DBDAA0-42BE-4E26-B212-35872CD6CA68} = {43EF4395-416E-440F-941C-CA4FD7A13F0B}
		{642A0439-9F82-4446-BDE6-890DA73A0286} = {43EF4395-416E-440F-941C-CA4FD7A13F0B}
		{1A9685C3-6781-47C7-BD63-830B6B12D0D5} = {43EF4395-416E-440F-941C-CA4FD7A13F0B}
		{A90FAE41-5A19-4627-A87C-B1E1648C5646} = {43EF4395-416E-440F-941C-CA4FD7A13F0B}
		{6B3744B4-2988-4C4C-A2E9-F8F4C396A239} = {0102F5DF-4E6D-4D2D-B8BB-02E545A0A7DB}
	EndGlobalSection
	GlobalSection(ExtensibilityGlobals) = postSolution
		SolutionGuid = {7E288A8B-65E0-43C2-B992-3451C70E71F6}
	EndGlobalSection
EndGlobal
